
Microsoft Visual Studio Solution File, Format Version 12.00
# Visual Studio 15
VisualStudioVersion = 15.0.27703.2042
MinimumVisualStudioVersion = 10.0.40219.1
Project("{FAE04EC0-301F-11D3-BF4B-00C04F79EFBC}") = "Shopping.Authentication", "Shopping.Authentication\Shopping.Authentication.csproj", "{12BB1FA2-6CA9-4FE5-B8E8-05A10AEBE745}"
EndProject
Global
	GlobalSection(SolutionConfigurationPlatforms) = preSolution
		Debug|Any CPU = Debug|Any CPU
		Release|Any CPU = Release|Any CPU
	EndGlobalSection
	GlobalSection(ProjectConfigurationPlatforms) = postSolution
		{12BB1FA2-6CA9-4FE5-B8E8-05A10AEBE745}.Debug|Any CPU.ActiveCfg = Debug|Any CPU
		{12BB1FA2-6CA9-4FE5-B8E8-05A10AEBE745}.Debug|Any CPU.Build.0 = Debug|Any CPU
		{12BB1FA2-6CA9-4FE5-B8E8-05A10AEBE745}.Release|Any CPU.ActiveCfg = Release|Any CPU
		{12BB1FA2-6CA9-4FE5-B8E8-05A10AEBE745}.Release|Any CPU.Build.0 = Release|Any CPU
	EndGlobalSection
	GlobalSection(SolutionProperties) = preSolution
		HideSolutionNode = FALSE
	EndGlobalSection
	GlobalSection(ExtensibilityGlobals) = postSolution
		SolutionGuid = {34B47D9D-25B5-4483-9002-1554A4D2EEB8}
	EndGlobalSection
	GlobalSection(TeamFoundationVersionControl) = preSolution
		SccNumberOfProjects = 2
		SccEnterpriseProvider = {4CA58AB2-18FA-4F8D-95D4-32DDF27D184C}
		SccTeamFoundationServer = https://pejmansahebi.visualstudio.com/
		SccLocalPath0 = .
		SccProjectUniqueName1 = Shopping.Authentication\\Shopping.Authentication.csproj
		SccProjectName1 = Shopping.Authentication
		SccLocalPath1 = Shopping.Authentication
	EndGlobalSection
EndGlobal
