
Microsoft Visual Studio Solution File, Format Version 12.00
# Visual Studio 15
VisualStudioVersion = 15.0.27428.2043
MinimumVisualStudioVersion = 10.0.40219.1
Project("{FAE04EC0-301F-11D3-BF4B-00C04F79EFBC}") = "ServiceHost", "ServiceHost\ServiceHost.csproj", "{95C9E092-5EE6-4F53-9016-6B4A183C4A77}"
EndProject
Project("{FAE04EC0-301F-11D3-BF4B-00C04F79EFBC}") = "Common.Domain.Model", "Common.Domain.Model\Common.Domain.Model.csproj", "{F92CAFC1-C967-41F9-8766-2CF43225EB68}"
EndProject
Project("{FAE04EC0-301F-11D3-BF4B-00C04F79EFBC}") = "Framework.CastleWindsorFacility", "Framework.CastleWindsorFacility\Framework.CastleWindsorFacility.csproj", "{65E309E8-0AC0-41F0-ACD9-86CC5DC20C88}"
EndProject
Project("{FAE04EC0-301F-11D3-BF4B-00C04F79EFBC}") = "Framework.Common", "Framework.Common\Framework.Common.csproj", "{44AA0D91-E1F1-461E-B6BA-377D14EF360F}"
EndProject
Project("{FAE04EC0-301F-11D3-BF4B-00C04F79EFBC}") = "Framework.Config", "Framework.Config\Framework.Config.csproj", "{9FD6ED1F-999F-49A4-A69C-A4565268DFEB}"
EndProject
Project("{FAE04EC0-301F-11D3-BF4B-00C04F79EFBC}") = "Framework.Core", "Framework.Core\Framework.Core.csproj", "{F4029F46-8EB0-4C17-841B-BF17AD197D62}"
EndProject
Project("{FAE04EC0-301F-11D3-BF4B-00C04F79EFBC}") = "Framework.Persistance.EF", "Framework.Persistance.EF\Framework.Persistance.EF.csproj", "{D9B43B45-7FC8-4CDA-99DF-93A20A2E49ED}"
EndProject
Project("{FAE04EC0-301F-11D3-BF4B-00C04F79EFBC}") = "Framework.Decorator", "Framework.Decorator\Framework.Decorator.csproj", "{DCBC8C62-ACAE-4EEA-931D-2BEC0B4CF56B}"
EndProject
Project("{FAE04EC0-301F-11D3-BF4B-00C04F79EFBC}") = "Common.Infrastructure.Persistance.EF", "Common.Infrastructure.Persistance.EF\Common.Infrastructure.Persistance.EF.csproj", "{41BBC936-91A4-41CB-899C-73E813AE2F7D}"
EndProject
Project("{FAE04EC0-301F-11D3-BF4B-00C04F79EFBC}") = "Search.WebAPI.Controllers", "Search.WebAPI.Controllers\Search.WebAPI.Controllers.csproj", "{DF136189-AD72-4263-8926-72A8BE788EE3}"
EndProject
Project("{FAE04EC0-301F-11D3-BF4B-00C04F79EFBC}") = "Search.TransferObject", "Search.TransferObject\Search.TransferObject.csproj", "{FE0B5398-785E-4A54-8EC4-6B4DF86FF4AC}"
EndProject
Project("{FAE04EC0-301F-11D3-BF4B-00C04F79EFBC}") = "Search.Interface.Facade.Contracts", "Search.Interface.Facade.Contracts\Search.Interface.Facade.Contracts.csproj", "{8D9BFC60-FDC3-4162-8A08-A1F49056F368}"
EndProject
Project("{FAE04EC0-301F-11D3-BF4B-00C04F79EFBC}") = "Search.Interface.Facade", "Search.Interface.Facade\Search.Interface.Facade.csproj", "{0B918595-06DA-4CA4-87A8-0A4529911180}"
EndProject
Project("{FAE04EC0-301F-11D3-BF4B-00C04F79EFBC}") = "Search.Config", "Search.Config\Search.Config.csproj", "{DCB64EFD-20F5-4F61-AE56-AC0ACF60093A}"
EndProject
Project("{FAE04EC0-301F-11D3-BF4B-00C04F79EFBC}") = "Search.Application.Contracts", "Search.Application.Contracts\Search.Application.Contracts.csproj", "{0FB3278C-EC23-46A3-9A6C-7F033C7BB83F}"
EndProject
Project("{FAE04EC0-301F-11D3-BF4B-00C04F79EFBC}") = "Search.Application", "Search.Application\Search.Application.csproj", "{A76883BE-4A69-464C-98DA-02BE82A5CBFC}"
EndProject
Project("{2150E333-8FDC-42A3-9474-1A3956D46DE8}") = "Common", "Common", "{45058EEF-0B3A-45F1-95D9-2C0FC519E9FB}"
EndProject
Project("{2150E333-8FDC-42A3-9474-1A3956D46DE8}") = "Framework", "Framework", "{8EBA9016-7F22-4676-AC68-A049E065BAF6}"
EndProject
Project("{2150E333-8FDC-42A3-9474-1A3956D46DE8}") = "SearchEngine", "SearchEngine", "{9D7DD842-A251-4905-B404-DBD3EBD20D76}"
EndProject
Project("{FAE04EC0-301F-11D3-BF4B-00C04F79EFBC}") = "Framework.AccountsManagementIdentity", "Framework.AccountsManagementIdentity\Framework.AccountsManagementIdentity.csproj", "{800FE7FA-6E16-49AE-871D-A2BC467204B8}"
EndProject
Project("{2150E333-8FDC-42A3-9474-1A3956D46DE8}") = "Application", "Application", "{91A65C28-0DE7-49DE-A306-7A8D00B634DC}"
EndProject
Project("{2150E333-8FDC-42A3-9474-1A3956D46DE8}") = "DataTransferObject", "DataTransferObject", "{3EC9C30F-2B8E-4B1C-8896-7146B42B047F}"
EndProject
Project("{2150E333-8FDC-42A3-9474-1A3956D46DE8}") = "Interface", "Interface", "{1A8BB6B3-3485-41D5-B36F-F9CD6530028F}"
EndProject
Project("{2150E333-8FDC-42A3-9474-1A3956D46DE8}") = "WebAPI", "WebAPI", "{A3D9E278-BDAC-42EC-A7E5-6F6E5EA3C119}"
EndProject
Project("{2150E333-8FDC-42A3-9474-1A3956D46DE8}") = "LuceneSearch", "LuceneSearch", "{AD3FA5B5-998E-40E6-BA31-27C02006EBAD}"
EndProject
Project("{FAE04EC0-301F-11D3-BF4B-00C04F79EFBC}") = "LuceneSearch.Core", "LuceneSearch.Core\LuceneSearch.Core.csproj", "{DE8F12C7-9922-42E8-81F7-5D799D299761}"
EndProject
Global
	GlobalSection(SolutionConfigurationPlatforms) = preSolution
		Debug|Any CPU = Debug|Any CPU
		Release|Any CPU = Release|Any CPU
	EndGlobalSection
	GlobalSection(ProjectConfigurationPlatforms) = postSolution
		{95C9E092-5EE6-4F53-9016-6B4A183C4A77}.Debug|Any CPU.ActiveCfg = Debug|Any CPU
		{95C9E092-5EE6-4F53-9016-6B4A183C4A77}.Debug|Any CPU.Build.0 = Debug|Any CPU
		{95C9E092-5EE6-4F53-9016-6B4A183C4A77}.Release|Any CPU.ActiveCfg = Release|Any CPU
		{95C9E092-5EE6-4F53-9016-6B4A183C4A77}.Release|Any CPU.Build.0 = Release|Any CPU
		{F92CAFC1-C967-41F9-8766-2CF43225EB68}.Debug|Any CPU.ActiveCfg = Debug|Any CPU
		{F92CAFC1-C967-41F9-8766-2CF43225EB68}.Debug|Any CPU.Build.0 = Debug|Any CPU
		{F92CAFC1-C967-41F9-8766-2CF43225EB68}.Release|Any CPU.ActiveCfg = Release|Any CPU
		{F92CAFC1-C967-41F9-8766-2CF43225EB68}.Release|Any CPU.Build.0 = Release|Any CPU
		{65E309E8-0AC0-41F0-ACD9-86CC5DC20C88}.Debug|Any CPU.ActiveCfg = Debug|Any CPU
		{65E309E8-0AC0-41F0-ACD9-86CC5DC20C88}.Debug|Any CPU.Build.0 = Debug|Any CPU
		{65E309E8-0AC0-41F0-ACD9-86CC5DC20C88}.Release|Any CPU.ActiveCfg = Release|Any CPU
		{65E309E8-0AC0-41F0-ACD9-86CC5DC20C88}.Release|Any CPU.Build.0 = Release|Any CPU
		{44AA0D91-E1F1-461E-B6BA-377D14EF360F}.Debug|Any CPU.ActiveCfg = Debug|Any CPU
		{44AA0D91-E1F1-461E-B6BA-377D14EF360F}.Debug|Any CPU.Build.0 = Debug|Any CPU
		{44AA0D91-E1F1-461E-B6BA-377D14EF360F}.Release|Any CPU.ActiveCfg = Release|Any CPU
		{44AA0D91-E1F1-461E-B6BA-377D14EF360F}.Release|Any CPU.Build.0 = Release|Any CPU
		{9FD6ED1F-999F-49A4-A69C-A4565268DFEB}.Debug|Any CPU.ActiveCfg = Debug|Any CPU
		{9FD6ED1F-999F-49A4-A69C-A4565268DFEB}.Debug|Any CPU.Build.0 = Debug|Any CPU
		{9FD6ED1F-999F-49A4-A69C-A4565268DFEB}.Release|Any CPU.ActiveCfg = Release|Any CPU
		{9FD6ED1F-999F-49A4-A69C-A4565268DFEB}.Release|Any CPU.Build.0 = Release|Any CPU
		{F4029F46-8EB0-4C17-841B-BF17AD197D62}.Debug|Any CPU.ActiveCfg = Debug|Any CPU
		{F4029F46-8EB0-4C17-841B-BF17AD197D62}.Debug|Any CPU.Build.0 = Debug|Any CPU
		{F4029F46-8EB0-4C17-841B-BF17AD197D62}.Release|Any CPU.ActiveCfg = Release|Any CPU
		{F4029F46-8EB0-4C17-841B-BF17AD197D62}.Release|Any CPU.Build.0 = Release|Any CPU
		{D9B43B45-7FC8-4CDA-99DF-93A20A2E49ED}.Debug|Any CPU.ActiveCfg = Debug|Any CPU
		{D9B43B45-7FC8-4CDA-99DF-93A20A2E49ED}.Debug|Any CPU.Build.0 = Debug|Any CPU
		{D9B43B45-7FC8-4CDA-99DF-93A20A2E49ED}.Release|Any CPU.ActiveCfg = Release|Any CPU
		{D9B43B45-7FC8-4CDA-99DF-93A20A2E49ED}.Release|Any CPU.Build.0 = Release|Any CPU
		{DCBC8C62-ACAE-4EEA-931D-2BEC0B4CF56B}.Debug|Any CPU.ActiveCfg = Debug|Any CPU
		{DCBC8C62-ACAE-4EEA-931D-2BEC0B4CF56B}.Debug|Any CPU.Build.0 = Debug|Any CPU
		{DCBC8C62-ACAE-4EEA-931D-2BEC0B4CF56B}.Release|Any CPU.ActiveCfg = Release|Any CPU
		{DCBC8C62-ACAE-4EEA-931D-2BEC0B4CF56B}.Release|Any CPU.Build.0 = Release|Any CPU
		{41BBC936-91A4-41CB-899C-73E813AE2F7D}.Debug|Any CPU.ActiveCfg = Debug|Any CPU
		{41BBC936-91A4-41CB-899C-73E813AE2F7D}.Debug|Any CPU.Build.0 = Debug|Any CPU
		{41BBC936-91A4-41CB-899C-73E813AE2F7D}.Release|Any CPU.ActiveCfg = Release|Any CPU
		{41BBC936-91A4-41CB-899C-73E813AE2F7D}.Release|Any CPU.Build.0 = Release|Any CPU
		{DF136189-AD72-4263-8926-72A8BE788EE3}.Debug|Any CPU.ActiveCfg = Debug|Any CPU
		{DF136189-AD72-4263-8926-72A8BE788EE3}.Debug|Any CPU.Build.0 = Debug|Any CPU
		{DF136189-AD72-4263-8926-72A8BE788EE3}.Release|Any CPU.ActiveCfg = Release|Any CPU
		{DF136189-AD72-4263-8926-72A8BE788EE3}.Release|Any CPU.Build.0 = Release|Any CPU
		{FE0B5398-785E-4A54-8EC4-6B4DF86FF4AC}.Debug|Any CPU.ActiveCfg = Debug|Any CPU
		{FE0B5398-785E-4A54-8EC4-6B4DF86FF4AC}.Debug|Any CPU.Build.0 = Debug|Any CPU
		{FE0B5398-785E-4A54-8EC4-6B4DF86FF4AC}.Release|Any CPU.ActiveCfg = Release|Any CPU
		{FE0B5398-785E-4A54-8EC4-6B4DF86FF4AC}.Release|Any CPU.Build.0 = Release|Any CPU
		{8D9BFC60-FDC3-4162-8A08-A1F49056F368}.Debug|Any CPU.ActiveCfg = Debug|Any CPU
		{8D9BFC60-FDC3-4162-8A08-A1F49056F368}.Debug|Any CPU.Build.0 = Debug|Any CPU
		{8D9BFC60-FDC3-4162-8A08-A1F49056F368}.Release|Any CPU.ActiveCfg = Release|Any CPU
		{8D9BFC60-FDC3-4162-8A08-A1F49056F368}.Release|Any CPU.Build.0 = Release|Any CPU
		{0B918595-06DA-4CA4-87A8-0A4529911180}.Debug|Any CPU.ActiveCfg = Debug|Any CPU
		{0B918595-06DA-4CA4-87A8-0A4529911180}.Debug|Any CPU.Build.0 = Debug|Any CPU
		{0B918595-06DA-4CA4-87A8-0A4529911180}.Release|Any CPU.ActiveCfg = Release|Any CPU
		{0B918595-06DA-4CA4-87A8-0A4529911180}.Release|Any CPU.Build.0 = Release|Any CPU
		{DCB64EFD-20F5-4F61-AE56-AC0ACF60093A}.Debug|Any CPU.ActiveCfg = Debug|Any CPU
		{DCB64EFD-20F5-4F61-AE56-AC0ACF60093A}.Debug|Any CPU.Build.0 = Debug|Any CPU
		{DCB64EFD-20F5-4F61-AE56-AC0ACF60093A}.Release|Any CPU.ActiveCfg = Release|Any CPU
		{DCB64EFD-20F5-4F61-AE56-AC0ACF60093A}.Release|Any CPU.Build.0 = Release|Any CPU
		{0FB3278C-EC23-46A3-9A6C-7F033C7BB83F}.Debug|Any CPU.ActiveCfg = Debug|Any CPU
		{0FB3278C-EC23-46A3-9A6C-7F033C7BB83F}.Debug|Any CPU.Build.0 = Debug|Any CPU
		{0FB3278C-EC23-46A3-9A6C-7F033C7BB83F}.Release|Any CPU.ActiveCfg = Release|Any CPU
		{0FB3278C-EC23-46A3-9A6C-7F033C7BB83F}.Release|Any CPU.Build.0 = Release|Any CPU
		{A76883BE-4A69-464C-98DA-02BE82A5CBFC}.Debug|Any CPU.ActiveCfg = Debug|Any CPU
		{A76883BE-4A69-464C-98DA-02BE82A5CBFC}.Debug|Any CPU.Build.0 = Debug|Any CPU
		{A76883BE-4A69-464C-98DA-02BE82A5CBFC}.Release|Any CPU.ActiveCfg = Release|Any CPU
		{A76883BE-4A69-464C-98DA-02BE82A5CBFC}.Release|Any CPU.Build.0 = Release|Any CPU
		{800FE7FA-6E16-49AE-871D-A2BC467204B8}.Debug|Any CPU.ActiveCfg = Debug|Any CPU
		{800FE7FA-6E16-49AE-871D-A2BC467204B8}.Debug|Any CPU.Build.0 = Debug|Any CPU
		{800FE7FA-6E16-49AE-871D-A2BC467204B8}.Release|Any CPU.ActiveCfg = Release|Any CPU
		{800FE7FA-6E16-49AE-871D-A2BC467204B8}.Release|Any CPU.Build.0 = Release|Any CPU
		{DE8F12C7-9922-42E8-81F7-5D799D299761}.Debug|Any CPU.ActiveCfg = Debug|Any CPU
		{DE8F12C7-9922-42E8-81F7-5D799D299761}.Debug|Any CPU.Build.0 = Debug|Any CPU
		{DE8F12C7-9922-42E8-81F7-5D799D299761}.Release|Any CPU.ActiveCfg = Release|Any CPU
		{DE8F12C7-9922-42E8-81F7-5D799D299761}.Release|Any CPU.Build.0 = Release|Any CPU
	EndGlobalSection
	GlobalSection(SolutionProperties) = preSolution
		HideSolutionNode = FALSE
	EndGlobalSection
	GlobalSection(NestedProjects) = preSolution
		{F92CAFC1-C967-41F9-8766-2CF43225EB68} = {45058EEF-0B3A-45F1-95D9-2C0FC519E9FB}
		{65E309E8-0AC0-41F0-ACD9-86CC5DC20C88} = {8EBA9016-7F22-4676-AC68-A049E065BAF6}
		{44AA0D91-E1F1-461E-B6BA-377D14EF360F} = {8EBA9016-7F22-4676-AC68-A049E065BAF6}
		{9FD6ED1F-999F-49A4-A69C-A4565268DFEB} = {8EBA9016-7F22-4676-AC68-A049E065BAF6}
		{F4029F46-8EB0-4C17-841B-BF17AD197D62} = {8EBA9016-7F22-4676-AC68-A049E065BAF6}
		{D9B43B45-7FC8-4CDA-99DF-93A20A2E49ED} = {8EBA9016-7F22-4676-AC68-A049E065BAF6}
		{DCBC8C62-ACAE-4EEA-931D-2BEC0B4CF56B} = {8EBA9016-7F22-4676-AC68-A049E065BAF6}
		{41BBC936-91A4-41CB-899C-73E813AE2F7D} = {45058EEF-0B3A-45F1-95D9-2C0FC519E9FB}
		{DF136189-AD72-4263-8926-72A8BE788EE3} = {A3D9E278-BDAC-42EC-A7E5-6F6E5EA3C119}
		{FE0B5398-785E-4A54-8EC4-6B4DF86FF4AC} = {3EC9C30F-2B8E-4B1C-8896-7146B42B047F}
		{8D9BFC60-FDC3-4162-8A08-A1F49056F368} = {1A8BB6B3-3485-41D5-B36F-F9CD6530028F}
		{0B918595-06DA-4CA4-87A8-0A4529911180} = {1A8BB6B3-3485-41D5-B36F-F9CD6530028F}
		{DCB64EFD-20F5-4F61-AE56-AC0ACF60093A} = {9D7DD842-A251-4905-B404-DBD3EBD20D76}
		{0FB3278C-EC23-46A3-9A6C-7F033C7BB83F} = {91A65C28-0DE7-49DE-A306-7A8D00B634DC}
		{A76883BE-4A69-464C-98DA-02BE82A5CBFC} = {91A65C28-0DE7-49DE-A306-7A8D00B634DC}
		{800FE7FA-6E16-49AE-871D-A2BC467204B8} = {8EBA9016-7F22-4676-AC68-A049E065BAF6}
		{91A65C28-0DE7-49DE-A306-7A8D00B634DC} = {9D7DD842-A251-4905-B404-DBD3EBD20D76}
		{3EC9C30F-2B8E-4B1C-8896-7146B42B047F} = {9D7DD842-A251-4905-B404-DBD3EBD20D76}
		{1A8BB6B3-3485-41D5-B36F-F9CD6530028F} = {9D7DD842-A251-4905-B404-DBD3EBD20D76}
		{A3D9E278-BDAC-42EC-A7E5-6F6E5EA3C119} = {9D7DD842-A251-4905-B404-DBD3EBD20D76}
		{AD3FA5B5-998E-40E6-BA31-27C02006EBAD} = {9D7DD842-A251-4905-B404-DBD3EBD20D76}
		{DE8F12C7-9922-42E8-81F7-5D799D299761} = {AD3FA5B5-998E-40E6-BA31-27C02006EBAD}
	EndGlobalSection
	GlobalSection(ExtensibilityGlobals) = postSolution
		SolutionGuid = {6EAD4465-6387-481A-9682-A57FD1385093}
	EndGlobalSection
EndGlobal
